// !$*UTF8*$!
{
	archiveVersion = 1;
	classes = {
	};
	objectVersion = 46;
	objects = {

/* Begin PBXBuildFile section */
		18D62E051F8634D600936933 /* AppDelegate.swift in Sources */ = {isa = PBXBuildFile; fileRef = 18D62E041F8634D600936933 /* AppDelegate.swift */; };
		18D62E071F8634D600936933 /* ViewController.swift in Sources */ = {isa = PBXBuildFile; fileRef = 18D62E061F8634D600936933 /* ViewController.swift */; };
		18D62E0A1F8634D600936933 /* Main.storyboard in Resources */ = {isa = PBXBuildFile; fileRef = 18D62E081F8634D600936933 /* Main.storyboard */; };
		18D62E0C1F8634D600936933 /* Assets.xcassets in Resources */ = {isa = PBXBuildFile; fileRef = 18D62E0B1F8634D600936933 /* Assets.xcassets */; };
		18D62E0F1F8634D600936933 /* LaunchScreen.storyboard in Resources */ = {isa = PBXBuildFile; fileRef = 18D62E0D1F8634D600936933 /* LaunchScreen.storyboard */; };
		18D62E1A1F8634D700936933 /* HorseRaceLampTests.swift in Sources */ = {isa = PBXBuildFile; fileRef = 18D62E191F8634D700936933 /* HorseRaceLampTests.swift */; };
		18D62E251F8634D700936933 /* HorseRaceLampUITests.swift in Sources */ = {isa = PBXBuildFile; fileRef = 18D62E241F8634D700936933 /* HorseRaceLampUITests.swift */; };
		18D62E331F86351A00936933 /* HorseRaceLampView.swift in Sources */ = {isa = PBXBuildFile; fileRef = 18D62E321F86351A00936933 /* HorseRaceLampView.swift */; };
/* End PBXBuildFile section */

/* Begin PBXContainerItemProxy section */
		18D62E161F8634D700936933 /* PBXContainerItemProxy */ = {
			isa = PBXContainerItemProxy;
			containerPortal = 18D62DF91F8634D600936933 /* Project object */;
			proxyType = 1;
			remoteGlobalIDString = 18D62E001F8634D600936933;
			remoteInfo = HorseRaceLamp;
		};
		18D62E211F8634D700936933 /* PBXContainerItemProxy */ = {
			isa = PBXContainerItemProxy;
			containerPortal = 18D62DF91F8634D600936933 /* Project object */;
			proxyType = 1;
			remoteGlobalIDString = 18D62E001F8634D600936933;
			remoteInfo = HorseRaceLamp;
		};
/* End PBXContainerItemProxy section */

/* Begin PBXFileReference section */
		18D62E011F8634D600936933 /* HorseRaceLamp.app */ = {isa = PBXFileReference; explicitFileType = wrapper.application; includeInIndex = 0; path = HorseRaceLamp.app; sourceTree = BUILT_PRODUCTS_DIR; };
		18D62E041F8634D600936933 /* AppDelegate.swift */ = {isa = PBXFileReference; lastKnownFileType = sourcecode.swift; path = AppDelegate.swift; sourceTree = "<group>"; };
		18D62E061F8634D600936933 /* ViewController.swift */ = {isa = PBXFileReference; lastKnownFileType = sourcecode.swift; path = ViewController.swift; sourceTree = "<group>"; };
		18D62E091F8634D600936933 /* Base */ = {isa = PBXFileReference; lastKnownFileType = file.storyboard; name = Base; path = Base.lproj/Main.storyboard; sourceTree = "<group>"; };
		18D62E0B1F8634D600936933 /* Assets.xcassets */ = {isa = PBXFileReference; lastKnownFileType = folder.assetcatalog; path = Assets.xcassets; sourceTree = "<group>"; };
		18D62E0E1F8634D600936933 /* Base */ = {isa = PBXFileReference; lastKnownFileType = file.storyboard; name = Base; path = Base.lproj/LaunchScreen.storyboard; sourceTree = "<group>"; };
		18D62E101F8634D600936933 /* Info.plist */ = {isa = PBXFileReference; lastKnownFileType = text.plist.xml; path = Info.plist; sourceTree = "<group>"; };
		18D62E151F8634D700936933 /* HorseRaceLampTests.xctest */ = {isa = PBXFileReference; explicitFileType = wrapper.cfbundle; includeInIndex = 0; path = HorseRaceLampTests.xctest; sourceTree = BUILT_PRODUCTS_DIR; };
		18D62E191F8634D700936933 /* HorseRaceLampTests.swift */ = {isa = PBXFileReference; lastKnownFileType = sourcecode.swift; path = HorseRaceLampTests.swift; sourceTree = "<group>"; };
		18D62E1B1F8634D700936933 /* Info.plist */ = {isa = PBXFileReference; lastKnownFileType = text.plist.xml; path = Info.plist; sourceTree = "<group>"; };
		18D62E201F8634D700936933 /* HorseRaceLampUITests.xctest */ = {isa = PBXFileReference; explicitFileType = wrapper.cfbundle; includeInIndex = 0; path = HorseRaceLampUITests.xctest; sourceTree = BUILT_PRODUCTS_DIR; };
		18D62E241F8634D700936933 /* HorseRaceLampUITests.swift */ = {isa = PBXFileReference; lastKnownFileType = sourcecode.swift; path = HorseRaceLampUITests.swift; sourceTree = "<group>"; };
		18D62E261F8634D700936933 /* Info.plist */ = {isa = PBXFileReference; lastKnownFileType = text.plist.xml; path = Info.plist; sourceTree = "<group>"; };
		18D62E321F86351A00936933 /* HorseRaceLampView.swift */ = {isa = PBXFileReference; fileEncoding = 4; lastKnownFileType = sourcecode.swift; path = HorseRaceLampView.swift; sourceTree = "<group>"; };
/* End PBXFileReference section */

/* Begin PBXFrameworksBuildPhase section */
		18D62DFE1F8634D600936933 /* Frameworks */ = {
			isa = PBXFrameworksBuildPhase;
			buildActionMask = 2147483647;
			files = (
			);
			runOnlyForDeploymentPostprocessing = 0;
		};
		18D62E121F8634D700936933 /* Frameworks */ = {
			isa = PBXFrameworksBuildPhase;
			buildActionMask = 2147483647;
			files = (
			);
			runOnlyForDeploymentPostprocessing = 0;
		};
		18D62E1D1F8634D700936933 /* Frameworks */ = {
			isa = PBXFrameworksBuildPhase;
			buildActionMask = 2147483647;
			files = (
			);
			runOnlyForDeploymentPostprocessing = 0;
		};
/* End PBXFrameworksBuildPhase section */

/* Begin PBXGroup section */
		18D62DF81F8634D600936933 = {
			isa = PBXGroup;
			children = (
				18D62E031F8634D600936933 /* HorseRaceLamp */,
				18D62E181F8634D700936933 /* HorseRaceLampTests */,
				18D62E231F8634D700936933 /* HorseRaceLampUITests */,
				18D62E021F8634D600936933 /* Products */,
			);
			sourceTree = "<group>";
		};
		18D62E021F8634D600936933 /* Products */ = {
			isa = PBXGroup;
			children = (
				18D62E011F8634D600936933 /* HorseRaceLamp.app */,
				18D62E151F8634D700936933 /* HorseRaceLampTests.xctest */,
				18D62E201F8634D700936933 /* HorseRaceLampUITests.xctest */,
			);
			name = Products;
			sourceTree = "<group>";
		};
		18D62E031F8634D600936933 /* HorseRaceLamp */ = {
			isa = PBXGroup;
			children = (
				18D62E041F8634D600936933 /* AppDelegate.swift */,
				18D62E061F8634D600936933 /* ViewController.swift */,
				18D62E321F86351A00936933 /* HorseRaceLampView.swift */,
				18D62E081F8634D600936933 /* Main.storyboard */,
				18D62E0B1F8634D600936933 /* Assets.xcassets */,
				18D62E0D1F8634D600936933 /* LaunchScreen.storyboard */,
				18D62E101F8634D600936933 /* Info.plist */,
			);
			path = HorseRaceLamp;
			sourceTree = "<group>";
		};
		18D62E181F8634D700936933 /* HorseRaceLampTests */ = {
			isa = PBXGroup;
			children = (
				18D62E191F8634D700936933 /* HorseRaceLampTests.swift */,
				18D62E1B1F8634D700936933 /* Info.plist */,
			);
			path = HorseRaceLampTests;
			sourceTree = "<group>";
		};
		18D62E231F8634D700936933 /* HorseRaceLampUITests */ = {
			isa = PBXGroup;
			children = (
				18D62E241F8634D700936933 /* HorseRaceLampUITests.swift */,
				18D62E261F8634D700936933 /* Info.plist */,
			);
			path = HorseRaceLampUITests;
			sourceTree = "<group>";
		};
/* End PBXGroup section */

/* Begin PBXNativeTarget section */
		18D62E001F8634D600936933 /* HorseRaceLamp */ = {
			isa = PBXNativeTarget;
			buildConfigurationList = 18D62E291F8634D700936933 /* Build configuration list for PBXNativeTarget "HorseRaceLamp" */;
			buildPhases = (
				18D62DFD1F8634D600936933 /* Sources */,
				18D62DFE1F8634D600936933 /* Frameworks */,
				18D62DFF1F8634D600936933 /* Resources */,
			);
			buildRules = (
			);
			dependencies = (
			);
			name = HorseRaceLamp;
			productName = HorseRaceLamp;
			productReference = 18D62E011F8634D600936933 /* HorseRaceLamp.app */;
			productType = "com.apple.product-type.application";
		};
		18D62E141F8634D700936933 /* HorseRaceLampTests */ = {
			isa = PBXNativeTarget;
			buildConfigurationList = 18D62E2C1F8634D700936933 /* Build configuration list for PBXNativeTarget "HorseRaceLampTests" */;
			buildPhases = (
				18D62E111F8634D700936933 /* Sources */,
				18D62E121F8634D700936933 /* Frameworks */,
				18D62E131F8634D700936933 /* Resources */,
			);
			buildRules = (
			);
			dependencies = (
				18D62E171F8634D700936933 /* PBXTargetDependency */,
			);
			name = HorseRaceLampTests;
			productName = HorseRaceLampTests;
			productReference = 18D62E151F8634D700936933 /* HorseRaceLampTests.xctest */;
			productType = "com.apple.product-type.bundle.unit-test";
		};
		18D62E1F1F8634D700936933 /* HorseRaceLampUITests */ = {
			isa = PBXNativeTarget;
			buildConfigurationList = 18D62E2F1F8634D700936933 /* Build configuration list for PBXNativeTarget "HorseRaceLampUITests" */;
			buildPhases = (
				18D62E1C1F8634D700936933 /* Sources */,
				18D62E1D1F8634D700936933 /* Frameworks */,
				18D62E1E1F8634D700936933 /* Resources */,
			);
			buildRules = (
			);
			dependencies = (
				18D62E221F8634D700936933 /* PBXTargetDependency */,
			);
			name = HorseRaceLampUITests;
			productName = HorseRaceLampUITests;
			productReference = 18D62E201F8634D700936933 /* HorseRaceLampUITests.xctest */;
			productType = "com.apple.product-type.bundle.ui-testing";
		};
/* End PBXNativeTarget section */

/* Begin PBXProject section */
		18D62DF91F8634D600936933 /* Project object */ = {
			isa = PBXProject;
			attributes = {
				LastSwiftUpdateCheck = 0830;
				LastUpgradeCheck = 0830;
				ORGANIZATIONNAME = Ric;
				TargetAttributes = {
					18D62E001F8634D600936933 = {
						CreatedOnToolsVersion = 8.3.1;
						DevelopmentTeam = N2T23SHE64;
						ProvisioningStyle = Automatic;
					};
					18D62E141F8634D700936933 = {
						CreatedOnToolsVersion = 8.3.1;
						DevelopmentTeam = N2T23SHE64;
						ProvisioningStyle = Automatic;
						TestTargetID = 18D62E001F8634D600936933;
					};
					18D62E1F1F8634D700936933 = {
						CreatedOnToolsVersion = 8.3.1;
						DevelopmentTeam = N2T23SHE64;
						ProvisioningStyle = Automatic;
						TestTargetID = 18D62E001F8634D600936933;
					};
				};
			};
			buildConfigurationList = 18D62DFC1F8634D600936933 /* Build configuration list for PBXProject "HorseRaceLamp" */;
			compatibilityVersion = "Xcode 3.2";
			developmentRegion = English;
			hasScannedForEncodings = 0;
			knownRegions = (
				en,
				Base,
			);
			mainGroup = 18D62DF81F8634D600936933;
			productRefGroup = 18D62E021F8634D600936933 /* Products */;
			projectDirPath = "";
			projectRoot = "";
			targets = (
				18D62E001F8634D600936933 /* HorseRaceLamp */,
				18D62E141F8634D700936933 /* HorseRaceLampTests */,
				18D62E1F1F8634D700936933 /* HorseRaceLampUITests */,
			);
		};
/* End PBXProject section */

/* Begin PBXResourcesBuildPhase section */
		18D62DFF1F8634D600936933 /* Resources */ = {
			isa = PBXResourcesBuildPhase;
			buildActionMask = 2147483647;
			files = (
				18D62E0F1F8634D600936933 /* LaunchScreen.storyboard in Resources */,
				18D62E0C1F8634D600936933 /* Assets.xcassets in Resources */,
				18D62E0A1F8634D600936933 /* Main.storyboard in Resources */,
			);
			runOnlyForDeploymentPostprocessing = 0;
		};
		18D62E131F8634D700936933 /* Resources */ = {
			isa = PBXResourcesBuildPhase;
			buildActionMask = 2147483647;
			files = (
			);
			runOnlyForDeploymentPostprocessing = 0;
		};
		18D62E1E1F8634D700936933 /* Resources */ = {
			isa = PBXResourcesBuildPhase;
			buildActionMask = 2147483647;
			files = (
			);
			runOnlyForDeploymentPostprocessing = 0;
		};
/* End PBXResourcesBuildPhase section */

/* Begin PBXSourcesBuildPhase section */
		18D62DFD1F8634D600936933 /* Sources */ = {
			isa = PBXSourcesBuildPhase;
			buildActionMask = 2147483647;
			files = (
				18D62E331F86351A00936933 /* HorseRaceLampView.swift in Sources */,
				18D62E071F8634D600936933 /* ViewController.swift in Sources */,
				18D62E051F8634D600936933 /* AppDelegate.swift in Sources */,
			);
			runOnlyForDeploymentPostprocessing = 0;
		};
		18D62E111F8634D700936933 /* Sources */ = {
			isa = PBXSourcesBuildPhase;
			buildActionMask = 2147483647;
			files = (
				18D62E1A1F8634D700936933 /* HorseRaceLampTests.swift in Sources */,
			);
			runOnlyForDeploymentPostprocessing = 0;
		};
		18D62E1C1F8634D700936933 /* Sources */ = {
			isa = PBXSourcesBuildPhase;
			buildActionMask = 2147483647;
			files = (
				18D62E251F8634D700936933 /* HorseRaceLampUITests.swift in Sources */,
			);
			runOnlyForDeploymentPostprocessing = 0;
		};
/* End PBXSourcesBuildPhase section */

/* Begin PBXTargetDependency section */
		18D62E171F8634D700936933 /* PBXTargetDependency */ = {
			isa = PBXTargetDependency;
			target = 18D62E001F8634D600936933 /* HorseRaceLamp */;
			targetProxy = 18D62E161F8634D700936933 /* PBXContainerItemProxy */;
		};
		18D62E221F8634D700936933 /* PBXTargetDependency */ = {
			isa = PBXTargetDependency;
			target = 18D62E001F8634D600936933 /* HorseRaceLamp */;
			targetProxy = 18D62E211F8634D700936933 /* PBXContainerItemProxy */;
		};
/* End PBXTargetDependency section */

/* Begin PBXVariantGroup section */
		18D62E081F8634D600936933 /* Main.storyboard */ = {
			isa = PBXVariantGroup;
			children = (
				18D62E091F8634D600936933 /* Base */,
			);
			name = Main.storyboard;
			sourceTree = "<group>";
		};
		18D62E0D1F8634D600936933 /* LaunchScreen.storyboard */ = {
			isa = PBXVariantGroup;
			children = (
				18D62E0E1F8634D600936933 /* Base */,
			);
			name = LaunchScreen.storyboard;
			sourceTree = "<group>";
		};
/* End PBXVariantGroup section */

/* Begin XCBuildConfiguration section */
		18D62E271F8634D700936933 /* Debug */ = {
			isa = XCBuildConfiguration;
			buildSettings = {
				ALWAYS_SEARCH_USER_PATHS = NO;
				CLANG_ANALYZER_NONNULL = YES;
				CLANG_ANALYZER_NUMBER_OBJECT_CONVERSION = YES_AGGRESSIVE;
				CLANG_CXX_LANGUAGE_STANDARD = "gnu++0x";
				CLANG_CXX_LIBRARY = "libc++";
				CLANG_ENABLE_MODULES = YES;
				CLANG_ENABLE_OBJC_ARC = YES;
				CLANG_WARN_BOOL_CONVERSION = YES;
				CLANG_WARN_CONSTANT_CONVERSION = YES;
				CLANG_WARN_DIRECT_OBJC_ISA_USAGE = YES_ERROR;
				CLANG_WARN_DOCUMENTATION_COMMENTS = YES;
				CLANG_WARN_EMPTY_BODY = YES;
				CLANG_WARN_ENUM_CONVERSION = YES;
				CLANG_WARN_INFINITE_RECURSION = YES;
				CLANG_WARN_INT_CONVERSION = YES;
				CLANG_WARN_OBJC_ROOT_CLASS = YES_ERROR;
				CLANG_WARN_SUSPICIOUS_MOVE = YES;
				CLANG_WARN_UNREACHABLE_CODE = YES;
				CLANG_WARN__DUPLICATE_METHOD_MATCH = YES;
				"CODE_SIGN_IDENTITY[sdk=iphoneos*]" = "iPhone Developer";
				COPY_PHASE_STRIP = NO;
				DEBUG_INFORMATION_FORMAT = dwarf;
				ENABLE_STRICT_OBJC_MSGSEND = YES;
				ENABLE_TESTABILITY = YES;
				GCC_C_LANGUAGE_STANDARD = gnu99;
				GCC_DYNAMIC_NO_PIC = NO;
				GCC_NO_COMMON_BLOCKS = YES;
				GCC_OPTIMIZATION_LEVEL = 0;
				GCC_PREPROCESSOR_DEFINITIONS = (
					"DEBUG=1",
					"$(inherited)",
				);
				GCC_WARN_64_TO_32_BIT_CONVERSION = YES;
				GCC_WARN_ABOUT_RETURN_TYPE = YES_ERROR;
				GCC_WARN_UNDECLARED_SELECTOR = YES;
				GCC_WARN_UNINITIALIZED_AUTOS = YES_AGGRESSIVE;
				GCC_WARN_UNUSED_FUNCTION = YES;
				GCC_WARN_UNUSED_VARIABLE = YES;
				IPHONEOS_DEPLOYMENT_TARGET = 10.3;
				MTL_ENABLE_DEBUG_INFO = YES;
				ONLY_ACTIVE_ARCH = YES;
				SDKROOT = iphoneos;
				SWIFT_ACTIVE_COMPILATION_CONDITIONS = DEBUG;
				SWIFT_OPTIMIZATION_LEVEL = "-Onone";
				TARGETED_DEVICE_FAMILY = "1,2";
			};
			name = Debug;
		};
		18D62E281F8634D700936933 /* Release */ = {
			isa = XCBuildConfiguration;
			buildSettings = {
				ALWAYS_SEARCH_USER_PATHS = NO;
				CLANG_ANALYZER_NONNULL = YES;
				CLANG_ANALYZER_NUMBER_OBJECT_CONVERSION = YES_AGGRESSIVE;
				CLANG_CXX_LANGUAGE_STANDARD = "gnu++0x";
				CLANG_CXX_LIBRARY = "libc++";
				CLANG_ENABLE_MODULES = YES;
				CLANG_ENABLE_OBJC_ARC = YES;
				CLANG_WARN_BOOL_CONVERSION = YES;
				CLANG_WARN_CONSTANT_CONVERSION = YES;
				CLANG_WARN_DIRECT_OBJC_ISA_USAGE = YES_ERROR;
				CLANG_WARN_DOCUMENTATION_COMMENTS = YES;
				CLANG_WARN_EMPTY_BODY = YES;
				CLANG_WARN_ENUM_CONVERSION = YES;
				CLANG_WARN_INFINITE_RECURSION = YES;
				CLANG_WARN_INT_CONVERSION = YES;
				CLANG_WARN_OBJC_ROOT_CLASS = YES_ERROR;
				CLANG_WARN_SUSPICIOUS_MOVE = YES;
				CLANG_WARN_UNREACHABLE_CODE = YES;
				CLANG_WARN__DUPLICATE_METHOD_MATCH = YES;
				"CODE_SIGN_IDENTITY[sdk=iphoneos*]" = "iPhone Developer";
				COPY_PHASE_STRIP = NO;
				DEBUG_INFORMATION_FORMAT = "dwarf-with-dsym";
				ENABLE_NS_ASSERTIONS = NO;
				ENABLE_STRICT_OBJC_MSGSEND = YES;
				GCC_C_LANGUAGE_STANDARD = gnu99;
				GCC_NO_COMMON_BLOCKS = YES;
				GCC_WARN_64_TO_32_BIT_CONVERSION = YES;
				GCC_WARN_ABOUT_RETURN_TYPE = YES_ERROR;
				GCC_WARN_UNDECLARED_SELECTOR = YES;
				GCC_WARN_UNINITIALIZED_AUTOS = YES_AGGRESSIVE;
				GCC_WARN_UNUSED_FUNCTION = YES;
				GCC_WARN_UNUSED_VARIABLE = YES;
				IPHONEOS_DEPLOYMENT_TARGET = 10.3;
				MTL_ENABLE_DEBUG_INFO = NO;
				SDKROOT = iphoneos;
				SWIFT_OPTIMIZATION_LEVEL = "-Owholemodule";
				TARGETED_DEVICE_FAMILY = "1,2";
				VALIDATE_PRODUCT = YES;
			};
			name = Release;
		};
		18D62E2A1F8634D700936933 /* Debug */ = {
			isa = XCBuildConfiguration;
			buildSettings = {
				ASSETCATALOG_COMPILER_APPICON_NAME = AppIcon;
				DEVELOPMENT_TEAM = N2T23SHE64;
				INFOPLIST_FILE = HorseRaceLamp/Info.plist;
				LD_RUNPATH_SEARCH_PATHS = "$(inherited) @executable_path/Frameworks";
				PRODUCT_BUNDLE_IDENTIFIER = com.tbet.HorseRaceLamp;
				PRODUCT_NAME = "$(TARGET_NAME)";
				SWIFT_VERSION = 3.0;
			};
			name = Debug;
		};
		18D62E2B1F8634D700936933 /* Release */ = {
			isa = XCBuildConfiguration;
			buildSettings = {
				ASSETCATALOG_COMPILER_APPICON_NAME = AppIcon;
				DEVELOPMENT_TEAM = N2T23SHE64;
				INFOPLIST_FILE = HorseRaceLamp/Info.plist;
				LD_RUNPATH_SEARCH_PATHS = "$(inherited) @executable_path/Frameworks";
				PRODUCT_BUNDLE_IDENTIFIER = com.tbet.HorseRaceLamp;
				PRODUCT_NAME = "$(TARGET_NAME)";
				SWIFT_VERSION = 3.0;
			};
			name = Release;
		};
		18D62E2D1F8634D700936933 /* Debug */ = {
			isa = XCBuildConfiguration;
			buildSettings = {
				ALWAYS_EMBED_SWIFT_STANDARD_LIBRARIES = YES;
				BUNDLE_LOADER = "$(TEST_HOST)";
				DEVELOPMENT_TEAM = N2T23SHE64;
				INFOPLIST_FILE = HorseRaceLampTests/Info.plist;
				LD_RUNPATH_SEARCH_PATHS = "$(inherited) @executable_path/Frameworks @loader_path/Frameworks";
				PRODUCT_BUNDLE_IDENTIFIER = com.tbet.HorseRaceLampTests;
				PRODUCT_NAME = "$(TARGET_NAME)";
				SWIFT_VERSION = 3.0;
				TEST_HOST = "$(BUILT_PRODUCTS_DIR)/HorseRaceLamp.app/HorseRaceLamp";
			};
			name = Debug;
		};
		18D62E2E1F8634D700936933 /* Release */ = {
			isa = XCBuildConfiguration;
			buildSettings = {
				ALWAYS_EMBED_SWIFT_STANDARD_LIBRARIES = YES;
				BUNDLE_LOADER = "$(TEST_HOST)";
				DEVELOPMENT_TEAM = N2T23SHE64;
				INFOPLIST_FILE = HorseRaceLampTests/Info.plist;
				LD_RUNPATH_SEARCH_PATHS = "$(inherited) @executable_path/Frameworks @loader_path/Frameworks";
				PRODUCT_BUNDLE_IDENTIFIER = com.tbet.HorseRaceLampTests;
				PRODUCT_NAME = "$(TARGET_NAME)";
				SWIFT_VERSION = 3.0;
				TEST_HOST = "$(BUILT_PRODUCTS_DIR)/HorseRaceLamp.app/HorseRaceLamp";
			};
			name = Release;
		};
		18D62E301F8634D700936933 /* Debug */ = {
			isa = XCBuildConfiguration;
			buildSettings = {
				ALWAYS_EMBED_SWIFT_STANDARD_LIBRARIES = YES;
				DEVELOPMENT_TEAM = N2T23SHE64;
				INFOPLIST_FILE = HorseRaceLampUITests/Info.plist;
				LD_RUNPATH_SEARCH_PATHS = "$(inherited) @executable_path/Frameworks @loader_path/Frameworks";
				PRODUCT_BUNDLE_IDENTIFIER = com.tbet.HorseRaceLampUITests;
				PRODUCT_NAME = "$(TARGET_NAME)";
				SWIFT_VERSION = 3.0;
				TEST_TARGET_NAME = HorseRaceLamp;
			};
			name = Debug;
		};
		18D62E311F8634D700936933 /* Release */ = {
			isa = XCBuildConfiguration;
			buildSettings = {
				ALWAYS_EMBED_SWIFT_STANDARD_LIBRARIES = YES;
				DEVELOPMENT_TEAM = N2T23SHE64;
				INFOPLIST_FILE = HorseRaceLampUITests/Info.plist;
				LD_RUNPATH_SEARCH_PATHS = "$(inherited) @executable_path/Frameworks @loader_path/Frameworks";
				PRODUCT_BUNDLE_IDENTIFIER = com.tbet.HorseRaceLampUITests;
				PRODUCT_NAME = "$(TARGET_NAME)";
				SWIFT_VERSION = 3.0;
				TEST_TARGET_NAME = HorseRaceLamp;
			};
			name = Release;
		};
/* End XCBuildConfiguration section */

/* Begin XCConfigurationList section */
		18D62DFC1F8634D600936933 /* Build configuration list for PBXProject "HorseRaceLamp" */ = {
			isa = XCConfigurationList;
			buildConfigurations = (
				18D62E271F8634D700936933 /* Debug */,
				18D62E281F8634D700936933 /* Release */,
			);
			defaultConfigurationIsVisible = 0;
			defaultConfigurationName = Release;
		};
		18D62E291F8634D700936933 /* Build configuration list for PBXNativeTarget "HorseRaceLamp" */ = {
			isa = XCConfigurationList;
			buildConfigurations = (
				18D62E2A1F8634D700936933 /* Debug */,
				18D62E2B1F8634D700936933 /* Release */,
			);
			defaultConfigurationIsVisible = 0;
		};
		18D62E2C1F8634D700936933 /* Build configuration list for PBXNativeTarget "HorseRaceLampTests" */ = {
			isa = XCConfigurationList;
			buildConfigurations = (
				18D62E2D1F8634D700936933 /* Debug */,
				18D62E2E1F8634D700936933 /* Release */,
			);
			defaultConfigurationIsVisible = 0;
		};
		18D62E2F1F8634D700936933 /* Build configuration list for PBXNativeTarget "HorseRaceLampUITests" */ = {
			isa = XCConfigurationList;
			buildConfigurations = (
				18D62E301F8634D700936933 /* Debug */,
				18D62E311F8634D700936933 /* Release */,
			);
			defaultConfigurationIsVisible = 0;
		};
/* End XCConfigurationList section */
	};
	rootObject = 18D62DF91F8634D600936933 /* Project object */;
}
